
Microsoft Visual Studio Solution File, Format Version 12.00
# Visual Studio Version 16
VisualStudioVersion = 16.0.31624.102
MinimumVisualStudioVersion = 10.0.40219.1
Project("{FAE04EC0-301F-11D3-BF4B-00C04F79EFBC}") = "Medicare", "Medicare\Medicare.csproj", "{DEE51D0D-BAD3-4D28-BA3C-2E886E31F246}"
EndProject
Global
	GlobalSection(SolutionConfigurationPlatforms) = preSolution
		Debug|Any CPU = Debug|Any CPU
		Release|Any CPU = Release|Any CPU
	EndGlobalSection
	GlobalSection(ProjectConfigurationPlatforms) = postSolution
		{DEE51D0D-BAD3-4D28-BA3C-2E886E31F246}.Debug|Any CPU.ActiveCfg = Debug|Any CPU
		{DEE51D0D-BAD3-4D28-BA3C-2E886E31F246}.Debug|Any CPU.Build.0 = Debug|Any CPU
		{DEE51D0D-BAD3-4D28-BA3C-2E886E31F246}.Release|Any CPU.ActiveCfg = Release|Any CPU
		{DEE51D0D-BAD3-4D28-BA3C-2E886E31F246}.Release|Any CPU.Build.0 = Release|Any CPU
	EndGlobalSection
	GlobalSection(SolutionProperties) = preSolution
		HideSolutionNode = FALSE
	EndGlobalSection
	GlobalSection(ExtensibilityGlobals) = postSolution
		SolutionGuid = {F284395E-A4C7-44FC-BF06-FC4CB8D88170}
	EndGlobalSection
EndGlobal
